{
  "name": "spotify-archiver",
  "lockfileVersion": 2,
  "requires": true,
  "packages": {
    "": {
      "name": "spotify-archiver",
      "dependencies": {
        "@types/cron": "^2.0.0",
        "@types/spotify-web-api-node": "^5.0.7",
        "@types/winston": "^2.4.4",
        "cron": "^2.2.0",
        "winston": "^3.8.2"
      },
      "devDependencies": {
        "bun-types": "^0.4.0"
      }
    },
    "node_modules/@colors/colors": {
      "version": "1.5.0",
      "license": "MIT",
      "engines": {
        "node": ">=0.1.90"
      }
    },
    "node_modules/@dabh/diagnostics": {
      "version": "2.0.3",
      "license": "MIT",
      "dependencies": {
        "colorspace": "1.1.x",
        "enabled": "2.0.x",
        "kuler": "^2.0.0"
      }
    },
    "node_modules/@types/cron": {
      "version": "2.0.0",
      "license": "MIT",
      "dependencies": {
        "@types/luxon": "*",
        "@types/node": "*"
      }
    },
    "node_modules/@types/luxon": {
      "version": "3.2.0",
      "license": "MIT"
    },
    "node_modules/@types/node": {
      "version": "14.18.36",
      "license": "MIT"
    },
    "node_modules/@types/spotify-api": {
      "version": "0.0.19",
      "license": "MIT"
    },
    "node_modules/@types/spotify-web-api-node": {
      "version": "5.0.7",
      "license": "MIT",
      "dependencies": {
        "@types/spotify-api": "*"
      }
    },
    "node_modules/@types/winston": {
      "version": "2.4.4",
      "license": "MIT",
      "dependencies": {
        "winston": "*"
      }
    },
    "node_modules/@types/winston/node_modules/winston": {
      "version": "2.4.7",
      "license": "MIT",
      "dependencies": {
        "async": "^2.6.4",
        "colors": "1.0.x",
        "cycle": "1.0.x",
        "eyes": "0.1.x",
        "isstream": "0.1.x",
        "stack-trace": "0.0.x"
      },
      "engines": {
        "node": ">= 0.10.0"
      }
    },
    "node_modules/@types/winston/node_modules/winston/node_modules/async": {
      "version": "2.6.4",
      "license": "MIT",
      "dependencies": {
        "lodash": "^4.17.14"
      }
    },
    "node_modules/async": {
      "version": "3.2.4",
      "license": "MIT"
    },
    "node_modules/bun-types": {
      "version": "0.4.0",
      "dev": true
    },
    "node_modules/color": {
      "version": "3.2.1",
      "license": "MIT",
      "dependencies": {
        "color-convert": "^1.9.3",
        "color-string": "^1.6.0"
      }
    },
    "node_modules/color-convert": {
      "version": "1.9.3",
      "license": "MIT",
      "dependencies": {
        "color-name": "1.1.3"
      }
    },
    "node_modules/color-name": {
      "version": "1.1.3",
      "license": "MIT"
    },
    "node_modules/color-string": {
      "version": "1.9.1",
      "license": "MIT",
      "dependencies": {
        "color-name": "^1.0.0",
        "simple-swizzle": "^0.2.2"
      }
    },
    "node_modules/color-string/node_modules/color-name": {
      "version": "1.1.4",
      "license": "MIT"
    },
    "node_modules/colors": {
      "version": "1.0.3",
      "license": "MIT",
      "engines": {
        "node": ">=0.1.90"
      }
    },
    "node_modules/colorspace": {
      "version": "1.1.4",
      "license": "MIT",
      "dependencies": {
        "color": "^3.1.3",
        "text-hex": "1.0.x"
      }
    },
    "node_modules/cron": {
      "version": "2.2.0",
      "license": "MIT",
      "dependencies": {
        "luxon": "^3.2.1"
      }
    },
    "node_modules/cycle": {
      "version": "1.0.3",
      "engines": {
        "node": ">=0.4.0"
      }
    },
    "node_modules/enabled": {
      "version": "2.0.0",
      "license": "MIT"
    },
    "node_modules/eyes": {
      "version": "0.1.8",
      "engines": {
        "node": "> 0.1.90"
      }
    },
    "node_modules/fecha": {
      "version": "4.2.3",
      "license": "MIT"
    },
    "node_modules/fn.name": {
      "version": "1.1.0",
      "license": "MIT"
    },
    "node_modules/inherits": {
      "version": "2.0.4",
      "license": "ISC"
    },
    "node_modules/is-arrayish": {
      "version": "0.3.2",
      "license": "MIT"
    },
    "node_modules/is-stream": {
      "version": "2.0.1",
      "license": "MIT",
      "engines": {
        "node": ">=8"
      },
      "funding": {
        "url": "https://github.com/sponsors/sindresorhus"
      }
    },
    "node_modules/isstream": {
      "version": "0.1.2",
      "license": "MIT"
    },
    "node_modules/kuler": {
      "version": "2.0.0",
      "license": "MIT"
    },
    "node_modules/lodash": {
      "version": "4.17.21",
      "license": "MIT"
    },
    "node_modules/logform": {
      "version": "2.4.2",
      "license": "MIT",
      "dependencies": {
        "@colors/colors": "1.5.0",
        "fecha": "^4.2.0",
        "ms": "^2.1.1",
        "safe-stable-stringify": "^2.3.1",
        "triple-beam": "^1.3.0"
      }
    },
    "node_modules/luxon": {
      "version": "3.2.1",
      "license": "MIT",
      "engines": {
        "node": ">=12"
      }
    },
    "node_modules/ms": {
      "version": "2.1.3",
      "license": "MIT"
    },
    "node_modules/one-time": {
      "version": "1.0.0",
      "license": "MIT",
      "dependencies": {
        "fn.name": "1.x.x"
      }
    },
    "node_modules/readable-stream": {
      "version": "3.6.0",
      "license": "MIT",
      "dependencies": {
        "inherits": "^2.0.3",
        "string_decoder": "^1.1.1",
        "util-deprecate": "^1.0.1"
      },
      "engines": {
        "node": ">= 6"
      }
    },
    "node_modules/safe-buffer": {
      "version": "5.2.1",
      "funding": [
        {
          "type": "github",
          "url": "https://github.com/sponsors/feross"
        },
        {
          "type": "patreon",
          "url": "https://www.patreon.com/feross"
        },
        {
          "type": "consulting",
          "url": "https://feross.org/support"
        }
      ],
      "license": "MIT"
    },
    "node_modules/safe-stable-stringify": {
      "version": "2.4.2",
      "license": "MIT",
      "engines": {
        "node": ">=10"
      }
    },
    "node_modules/simple-swizzle": {
      "version": "0.2.2",
      "license": "MIT",
      "dependencies": {
        "is-arrayish": "^0.3.1"
      }
    },
    "node_modules/stack-trace": {
      "version": "0.0.10",
      "license": "MIT",
      "engines": {
        "node": "*"
      }
    },
    "node_modules/string_decoder": {
      "version": "1.3.0",
      "license": "MIT",
      "dependencies": {
        "safe-buffer": "~5.2.0"
      }
    },
    "node_modules/text-hex": {
      "version": "1.0.0",
      "license": "MIT"
    },
    "node_modules/triple-beam": {
      "version": "1.3.0",
      "license": "MIT"
    },
    "node_modules/util-deprecate": {
      "version": "1.0.2",
      "license": "MIT"
    },
    "node_modules/winston": {
      "version": "3.8.2",
      "license": "MIT",
      "dependencies": {
        "@colors/colors": "1.5.0",
        "@dabh/diagnostics": "^2.0.2",
        "async": "^3.2.3",
        "is-stream": "^2.0.0",
        "logform": "^2.4.0",
        "one-time": "^1.0.0",
        "readable-stream": "^3.4.0",
        "safe-stable-stringify": "^2.3.1",
        "stack-trace": "0.0.x",
        "triple-beam": "^1.3.0",
        "winston-transport": "^4.5.0"
      },
      "engines": {
        "node": ">= 12.0.0"
      }
    },
    "node_modules/winston-transport": {
      "version": "4.5.0",
      "license": "MIT",
      "dependencies": {
        "logform": "^2.3.2",
        "readable-stream": "^3.6.0",
        "triple-beam": "^1.3.0"
      },
      "engines": {
        "node": ">= 6.4.0"
      }
    }
  },
  "dependencies": {
    "@colors/colors": {
      "version": "1.5.0"
    },
    "@dabh/diagnostics": {
      "version": "2.0.3",
      "requires": {
        "colorspace": "1.1.x",
        "enabled": "2.0.x",
        "kuler": "^2.0.0"
      }
    },
    "@types/cron": {
      "version": "2.0.0",
      "requires": {
        "@types/luxon": "*",
        "@types/node": "*"
      }
    },
    "@types/luxon": {
      "version": "3.2.0"
    },
    "@types/node": {
      "version": "14.18.36"
    },
    "@types/spotify-api": {
      "version": "0.0.19"
    },
    "@types/spotify-web-api-node": {
      "version": "5.0.7",
      "requires": {
        "@types/spotify-api": "*"
      }
    },
    "@types/winston": {
      "version": "2.4.4",
      "requires": {
        "winston": "*"
      },
      "dependencies": {
        "winston": {
          "version": "2.4.7",
          "requires": {
            "async": "^2.6.4",
            "colors": "1.0.x",
            "cycle": "1.0.x",
            "eyes": "0.1.x",
            "isstream": "0.1.x",
            "stack-trace": "0.0.x"
          },
          "dependencies": {
            "async": {
              "version": "2.6.4",
              "requires": {
                "lodash": "^4.17.14"
              }
            }
          }
        }
      }
    },
    "async": {
      "version": "3.2.4"
    },
    "bun-types": {
      "version": "0.4.0",
      "dev": true
    },
    "color": {
      "version": "3.2.1",
      "requires": {
        "color-convert": "^1.9.3",
        "color-string": "^1.6.0"
      }
    },
    "color-convert": {
      "version": "1.9.3",
      "requires": {
        "color-name": "1.1.3"
      }
    },
    "color-name": {
      "version": "1.1.3"
    },
    "color-string": {
      "version": "1.9.1",
      "requires": {
        "color-name": "^1.0.0",
        "simple-swizzle": "^0.2.2"
      },
      "dependencies": {
        "color-name": {
          "version": "1.1.4"
        }
      }
    },
    "colors": {
      "version": "1.0.3"
    },
    "colorspace": {
      "version": "1.1.4",
      "requires": {
        "color": "^3.1.3",
        "text-hex": "1.0.x"
      }
    },
    "cron": {
      "version": "2.2.0",
      "requires": {
        "luxon": "^3.2.1"
      }
    },
    "cycle": {
      "version": "1.0.3"
    },
    "enabled": {
      "version": "2.0.0"
    },
    "eyes": {
      "version": "0.1.8"
    },
    "fecha": {
      "version": "4.2.3"
    },
    "fn.name": {
      "version": "1.1.0"
    },
    "inherits": {
      "version": "2.0.4"
    },
    "is-arrayish": {
      "version": "0.3.2"
    },
    "is-stream": {
      "version": "2.0.1"
    },
    "isstream": {
      "version": "0.1.2"
    },
    "kuler": {
      "version": "2.0.0"
    },
    "lodash": {
      "version": "4.17.21"
    },
    "logform": {
      "version": "2.4.2",
      "requires": {
        "@colors/colors": "1.5.0",
        "fecha": "^4.2.0",
        "ms": "^2.1.1",
        "safe-stable-stringify": "^2.3.1",
        "triple-beam": "^1.3.0"
      }
    },
    "luxon": {
      "version": "3.2.1"
    },
    "ms": {
      "version": "2.1.3"
    },
    "one-time": {
      "version": "1.0.0",
      "requires": {
        "fn.name": "1.x.x"
      }
    },
    "readable-stream": {
      "version": "3.6.0",
      "requires": {
        "inherits": "^2.0.3",
        "string_decoder": "^1.1.1",
        "util-deprecate": "^1.0.1"
      }
    },
    "safe-buffer": {
      "version": "5.2.1"
    },
    "safe-stable-stringify": {
      "version": "2.4.2"
    },
    "simple-swizzle": {
      "version": "0.2.2",
      "requires": {
        "is-arrayish": "^0.3.1"
      }
    },
    "stack-trace": {
      "version": "0.0.10"
    },
    "string_decoder": {
      "version": "1.3.0",
      "requires": {
        "safe-buffer": "~5.2.0"
      }
    },
    "text-hex": {
      "version": "1.0.0"
    },
    "triple-beam": {
      "version": "1.3.0"
    },
    "util-deprecate": {
      "version": "1.0.2"
    },
    "winston": {
      "version": "3.8.2",
      "requires": {
        "@colors/colors": "1.5.0",
        "@dabh/diagnostics": "^2.0.2",
        "async": "^3.2.3",
        "is-stream": "^2.0.0",
        "logform": "^2.4.0",
        "one-time": "^1.0.0",
        "readable-stream": "^3.4.0",
        "safe-stable-stringify": "^2.3.1",
        "stack-trace": "0.0.x",
        "triple-beam": "^1.3.0",
        "winston-transport": "^4.5.0"
      }
    },
    "winston-transport": {
      "version": "4.5.0",
      "requires": {
        "logform": "^2.3.2",
        "readable-stream": "^3.6.0",
        "triple-beam": "^1.3.0"
      }
    }
  }
}
